
Microsoft Visual Studio Solution File, Format Version 12.00
# Visual Studio Version 17
VisualStudioVersion = 17.0.31903.59
MinimumVisualStudioVersion = 10.0.40219.1
Project("{FAE04EC0-301F-11D3-BF4B-00C04F79EFBC}") = "FoodApp.Contracts", "FoodApp.Contracts\FoodApp.Contracts.csproj", "{E32C35E4-4E61-4E16-8F8C-2EC1E758A929}"
EndProject
Project("{FAE04EC0-301F-11D3-BF4B-00C04F79EFBC}") = "FoodApp", "FoodApp\FoodApp.csproj", "{6DB08B85-0B9A-4E2D-AAF3-C35300DAF250}"
EndProject
Global
	GlobalSection(SolutionConfigurationPlatforms) = preSolution
		Debug|Any CPU = Debug|Any CPU
		Release|Any CPU = Release|Any CPU
	EndGlobalSection
	GlobalSection(SolutionProperties) = preSolution
		HideSolutionNode = FALSE
	EndGlobalSection
	GlobalSection(ProjectConfigurationPlatforms) = postSolution
		{E32C35E4-4E61-4E16-8F8C-2EC1E758A929}.Debug|Any CPU.ActiveCfg = Debug|Any CPU
		{E32C35E4-4E61-4E16-8F8C-2EC1E758A929}.Debug|Any CPU.Build.0 = Debug|Any CPU
		{E32C35E4-4E61-4E16-8F8C-2EC1E758A929}.Release|Any CPU.ActiveCfg = Release|Any CPU
		{E32C35E4-4E61-4E16-8F8C-2EC1E758A929}.Release|Any CPU.Build.0 = Release|Any CPU
		{6DB08B85-0B9A-4E2D-AAF3-C35300DAF250}.Debug|Any CPU.ActiveCfg = Debug|Any CPU
		{6DB08B85-0B9A-4E2D-AAF3-C35300DAF250}.Debug|Any CPU.Build.0 = Debug|Any CPU
		{6DB08B85-0B9A-4E2D-AAF3-C35300DAF250}.Release|Any CPU.ActiveCfg = Release|Any CPU
		{6DB08B85-0B9A-4E2D-AAF3-C35300DAF250}.Release|Any CPU.Build.0 = Release|Any CPU
	EndGlobalSection
EndGlobal
